
Microsoft Visual Studio Solution File, Format Version 12.00
# Visual Studio Version 17
VisualStudioVersion = 17.4.33110.190
MinimumVisualStudioVersion = 10.0.40219.1
Project("{FAE04EC0-301F-11D3-BF4B-00C04F79EFBC}") = "ASAP.Assets.Service", "ASAP.Assets.Service\ASAP.Assets.Service.csproj", "{AB3F00DB-B48A-4317-A0F2-66A3EC0E831D}"
EndProject
Project("{FAE04EC0-301F-11D3-BF4B-00C04F79EFBC}") = "ASAP.Assets.Core", "ASAP.Assets.Core\ASAP.Assets.Core.csproj", "{A2405BD7-F2BF-4FC5-BACC-88FB6FED59A4}"
EndProject
Project("{FAE04EC0-301F-11D3-BF4B-00C04F79EFBC}") = "ASAP.Assets.Resources", "ASAP.Assets.Resources\ASAP.Assets.Resources.csproj", "{F13323A1-7B27-45F9-BBE3-85F67789EAB5}"
EndProject
Project("{FAE04EC0-301F-11D3-BF4B-00C04F79EFBC}") = "ASAP.Assets.WebApp", "ASAP.Assets.WebApp\ASAP.Assets.WebApp.csproj", "{FCF64388-F537-4359-A272-1BC456090E9B}"
EndProject
Global
	GlobalSection(SolutionConfigurationPlatforms) = preSolution
		Debug|Any CPU = Debug|Any CPU
		Release|Any CPU = Release|Any CPU
	EndGlobalSection
	GlobalSection(ProjectConfigurationPlatforms) = postSolution
		{AB3F00DB-B48A-4317-A0F2-66A3EC0E831D}.Debug|Any CPU.ActiveCfg = Debug|Any CPU
		{AB3F00DB-B48A-4317-A0F2-66A3EC0E831D}.Debug|Any CPU.Build.0 = Debug|Any CPU
		{AB3F00DB-B48A-4317-A0F2-66A3EC0E831D}.Release|Any CPU.ActiveCfg = Release|Any CPU
		{AB3F00DB-B48A-4317-A0F2-66A3EC0E831D}.Release|Any CPU.Build.0 = Release|Any CPU
		{A2405BD7-F2BF-4FC5-BACC-88FB6FED59A4}.Debug|Any CPU.ActiveCfg = Debug|Any CPU
		{A2405BD7-F2BF-4FC5-BACC-88FB6FED59A4}.Debug|Any CPU.Build.0 = Debug|Any CPU
		{A2405BD7-F2BF-4FC5-BACC-88FB6FED59A4}.Release|Any CPU.ActiveCfg = Release|Any CPU
		{A2405BD7-F2BF-4FC5-BACC-88FB6FED59A4}.Release|Any CPU.Build.0 = Release|Any CPU
		{F13323A1-7B27-45F9-BBE3-85F67789EAB5}.Debug|Any CPU.ActiveCfg = Debug|Any CPU
		{F13323A1-7B27-45F9-BBE3-85F67789EAB5}.Debug|Any CPU.Build.0 = Debug|Any CPU
		{F13323A1-7B27-45F9-BBE3-85F67789EAB5}.Release|Any CPU.ActiveCfg = Release|Any CPU
		{F13323A1-7B27-45F9-BBE3-85F67789EAB5}.Release|Any CPU.Build.0 = Release|Any CPU
		{FCF64388-F537-4359-A272-1BC456090E9B}.Debug|Any CPU.ActiveCfg = Debug|Any CPU
		{FCF64388-F537-4359-A272-1BC456090E9B}.Debug|Any CPU.Build.0 = Debug|Any CPU
		{FCF64388-F537-4359-A272-1BC456090E9B}.Release|Any CPU.ActiveCfg = Release|Any CPU
		{FCF64388-F537-4359-A272-1BC456090E9B}.Release|Any CPU.Build.0 = Release|Any CPU
	EndGlobalSection
	GlobalSection(SolutionProperties) = preSolution
		HideSolutionNode = FALSE
	EndGlobalSection
	GlobalSection(ExtensibilityGlobals) = postSolution
		SolutionGuid = {23D6EDB4-B1F6-4EF0-8E95-20E5CB80B18B}
	EndGlobalSection
EndGlobal
